
Microsoft Visual Studio Solution File, Format Version 12.00
# Visual Studio 2013
VisualStudioVersion = 12.0.30723.0
MinimumVisualStudioVersion = 10.0.40219.1
Project("{FAE04EC0-301F-11D3-BF4B-00C04F79EFBC}") = "GigALoanConsole", "GigALoanConsole\GigALoanConsole.csproj", "{0A824341-3922-4B4C-AB42-DC87DFD6447B}"
EndProject
Project("{FAE04EC0-301F-11D3-BF4B-00C04F79EFBC}") = "GigALoan_DAL", "GigALoan_DAL\GigALoan_DAL.csproj", "{ABD4FBDB-265D-4628-81CE-9D14E8D4E8DB}"
EndProject
Project("{FAE04EC0-301F-11D3-BF4B-00C04F79EFBC}") = "GigALoanWPF", "GigALoanWPF\GigALoanWPF.csproj", "{96DE2DE8-F70E-4774-B2D2-25DA85E0FA74}"
	ProjectSection(ProjectDependencies) = postProject
		{AB71B93E-14AD-429E-9720-0832A81D52EA} = {AB71B93E-14AD-429E-9720-0832A81D52EA}
	EndProjectSection
EndProject
Project("{FAE04EC0-301F-11D3-BF4B-00C04F79EFBC}") = "GigALoanModel", "GigALoanModel\GigALoanModel.csproj", "{1D5CC7AB-968C-48BE-B297-29813A5DFF03}"
EndProject
Project("{FAE04EC0-301F-11D3-BF4B-00C04F79EFBC}") = "GigALoan_Service", "GigALoan_Service\GigALoan_Service.csproj", "{AB71B93E-14AD-429E-9720-0832A81D52EA}"
EndProject
Global
	GlobalSection(SolutionConfigurationPlatforms) = preSolution
		Debug|Any CPU = Debug|Any CPU
		Release|Any CPU = Release|Any CPU
	EndGlobalSection
	GlobalSection(ProjectConfigurationPlatforms) = postSolution
		{0A824341-3922-4B4C-AB42-DC87DFD6447B}.Debug|Any CPU.ActiveCfg = Debug|Any CPU
		{0A824341-3922-4B4C-AB42-DC87DFD6447B}.Debug|Any CPU.Build.0 = Debug|Any CPU
		{0A824341-3922-4B4C-AB42-DC87DFD6447B}.Release|Any CPU.ActiveCfg = Release|Any CPU
		{0A824341-3922-4B4C-AB42-DC87DFD6447B}.Release|Any CPU.Build.0 = Release|Any CPU
		{ABD4FBDB-265D-4628-81CE-9D14E8D4E8DB}.Debug|Any CPU.ActiveCfg = Debug|Any CPU
		{ABD4FBDB-265D-4628-81CE-9D14E8D4E8DB}.Debug|Any CPU.Build.0 = Debug|Any CPU
		{ABD4FBDB-265D-4628-81CE-9D14E8D4E8DB}.Release|Any CPU.ActiveCfg = Release|Any CPU
		{ABD4FBDB-265D-4628-81CE-9D14E8D4E8DB}.Release|Any CPU.Build.0 = Release|Any CPU
		{96DE2DE8-F70E-4774-B2D2-25DA85E0FA74}.Debug|Any CPU.ActiveCfg = Debug|Any CPU
		{96DE2DE8-F70E-4774-B2D2-25DA85E0FA74}.Debug|Any CPU.Build.0 = Debug|Any CPU
		{96DE2DE8-F70E-4774-B2D2-25DA85E0FA74}.Release|Any CPU.ActiveCfg = Release|Any CPU
		{96DE2DE8-F70E-4774-B2D2-25DA85E0FA74}.Release|Any CPU.Build.0 = Release|Any CPU
		{1D5CC7AB-968C-48BE-B297-29813A5DFF03}.Debug|Any CPU.ActiveCfg = Debug|Any CPU
		{1D5CC7AB-968C-48BE-B297-29813A5DFF03}.Debug|Any CPU.Build.0 = Debug|Any CPU
		{1D5CC7AB-968C-48BE-B297-29813A5DFF03}.Release|Any CPU.ActiveCfg = Release|Any CPU
		{1D5CC7AB-968C-48BE-B297-29813A5DFF03}.Release|Any CPU.Build.0 = Release|Any CPU
		{AB71B93E-14AD-429E-9720-0832A81D52EA}.Debug|Any CPU.ActiveCfg = Debug|Any CPU
		{AB71B93E-14AD-429E-9720-0832A81D52EA}.Debug|Any CPU.Build.0 = Debug|Any CPU
		{AB71B93E-14AD-429E-9720-0832A81D52EA}.Release|Any CPU.ActiveCfg = Release|Any CPU
		{AB71B93E-14AD-429E-9720-0832A81D52EA}.Release|Any CPU.Build.0 = Release|Any CPU
	EndGlobalSection
	GlobalSection(SolutionProperties) = preSolution
		HideSolutionNode = FALSE
	EndGlobalSection
EndGlobal
